// !$*UTF8*$!
{
	archiveVersion = 1;
	classes = {
	};
	objectVersion = 46;
	objects = {

/* Begin PBXBuildFile section */
		EDA6598E1A8F253500D47A0B /* main.m in Sources */ = {isa = PBXBuildFile; fileRef = EDA6598D1A8F253500D47A0B /* main.m */; };
		EDA659911A8F253500D47A0B /* AppDelegate.m in Sources */ = {isa = PBXBuildFile; fileRef = EDA659901A8F253500D47A0B /* AppDelegate.m */; };
		EDA659941A8F253500D47A0B /* ViewController.m in Sources */ = {isa = PBXBuildFile; fileRef = EDA659931A8F253500D47A0B /* ViewController.m */; };
		EDA659971A8F253500D47A0B /* Main.storyboard in Resources */ = {isa = PBXBuildFile; fileRef = EDA659951A8F253500D47A0B /* Main.storyboard */; };
		EDA659991A8F253500D47A0B /* Images.xcassets in Resources */ = {isa = PBXBuildFile; fileRef = EDA659981A8F253500D47A0B /* Images.xcassets */; };
		EDA6599C1A8F253500D47A0B /* LaunchScreen.xib in Resources */ = {isa = PBXBuildFile; fileRef = EDA6599A1A8F253500D47A0B /* LaunchScreen.xib */; };
		EDA659A81A8F253500D47A0B /* sampleTests.m in Sources */ = {isa = PBXBuildFile; fileRef = EDA659A71A8F253500D47A0B /* sampleTests.m */; };
		EDA659B21A8F257900D47A0B /* 422128.png in Resources */ = {isa = PBXBuildFile; fileRef = EDA659B11A8F257900D47A0B /* 422128.png */; };
		EDA659B41A8F257F00D47A0B /* study.html in Resources */ = {isa = PBXBuildFile; fileRef = EDA659B31A8F257F00D47A0B /* study.html */; };
/* End PBXBuildFile section */

/* Begin PBXContainerItemProxy section */
		EDA659A21A8F253500D47A0B /* PBXContainerItemProxy */ = {
			isa = PBXContainerItemProxy;
			containerPortal = EDA659801A8F253500D47A0B /* Project object */;
			proxyType = 1;
			remoteGlobalIDString = EDA659871A8F253500D47A0B;
			remoteInfo = sample;
		};
/* End PBXContainerItemProxy section */

/* Begin PBXFileReference section */
		EDA659881A8F253500D47A0B /* sample.app */ = {isa = PBXFileReference; explicitFileType = wrapper.application; includeInIndex = 0; path = sample.app; sourceTree = BUILT_PRODUCTS_DIR; };
		EDA6598C1A8F253500D47A0B /* Info.plist */ = {isa = PBXFileReference; lastKnownFileType = text.plist.xml; path = Info.plist; sourceTree = "<group>"; };
		EDA6598D1A8F253500D47A0B /* main.m */ = {isa = PBXFileReference; lastKnownFileType = sourcecode.c.objc; path = main.m; sourceTree = "<group>"; };
		EDA6598F1A8F253500D47A0B /* AppDelegate.h */ = {isa = PBXFileReference; lastKnownFileType = sourcecode.c.h; path = AppDelegate.h; sourceTree = "<group>"; };
		EDA659901A8F253500D47A0B /* AppDelegate.m */ = {isa = PBXFileReference; lastKnownFileType = sourcecode.c.objc; path = AppDelegate.m; sourceTree = "<group>"; };
		EDA659921A8F253500D47A0B /* ViewController.h */ = {isa = PBXFileReference; lastKnownFileType = sourcecode.c.h; path = ViewController.h; sourceTree = "<group>"; };
		EDA659931A8F253500D47A0B /* ViewController.m */ = {isa = PBXFileReference; lastKnownFileType = sourcecode.c.objc; path = ViewController.m; sourceTree = "<group>"; };
		EDA659961A8F253500D47A0B /* Base */ = {isa = PBXFileReference; lastKnownFileType = file.storyboard; name = Base; path = Base.lproj/Main.storyboard; sourceTree = "<group>"; };
		EDA659981A8F253500D47A0B /* Images.xcassets */ = {isa = PBXFileReference; lastKnownFileType = folder.assetcatalog; path = Images.xcassets; sourceTree = "<group>"; };
		EDA6599B1A8F253500D47A0B /* Base */ = {isa = PBXFileReference; lastKnownFileType = file.xib; name = Base; path = Base.lproj/LaunchScreen.xib; sourceTree = "<group>"; };
		EDA659A11A8F253500D47A0B /* sampleTests.xctest */ = {isa = PBXFileReference; explicitFileType = wrapper.cfbundle; includeInIndex = 0; path = sampleTests.xctest; sourceTree = BUILT_PRODUCTS_DIR; };
		EDA659A61A8F253500D47A0B /* Info.plist */ = {isa = PBXFileReference; lastKnownFileType = text.plist.xml; path = Info.plist; sourceTree = "<group>"; };
		EDA659A71A8F253500D47A0B /* sampleTests.m */ = {isa = PBXFileReference; lastKnownFileType = sourcecode.c.objc; path = sampleTests.m; sourceTree = "<group>"; };
		EDA659B11A8F257900D47A0B /* 422128.png */ = {isa = PBXFileReference; lastKnownFileType = image.png; path = 422128.png; sourceTree = "<group>"; };
		EDA659B31A8F257F00D47A0B /* study.html */ = {isa = PBXFileReference; fileEncoding = 4; lastKnownFileType = text.html; path = study.html; sourceTree = "<group>"; };
/* End PBXFileReference section */

/* Begin PBXFrameworksBuildPhase section */
		EDA659851A8F253500D47A0B /* Frameworks */ = {
			isa = PBXFrameworksBuildPhase;
			buildActionMask = 2147483647;
			files = (
			);
			runOnlyForDeploymentPostprocessing = 0;
		};
		EDA6599E1A8F253500D47A0B /* Frameworks */ = {
			isa = PBXFrameworksBuildPhase;
			buildActionMask = 2147483647;
			files = (
			);
			runOnlyForDeploymentPostprocessing = 0;
		};
/* End PBXFrameworksBuildPhase section */

/* Begin PBXGroup section */
		EDA6597F1A8F253500D47A0B = {
			isa = PBXGroup;
			children = (
				EDA6598A1A8F253500D47A0B /* sample */,
				EDA659A41A8F253500D47A0B /* sampleTests */,
				EDA659891A8F253500D47A0B /* Products */,
			);
			sourceTree = "<group>";
		};
		EDA659891A8F253500D47A0B /* Products */ = {
			isa = PBXGroup;
			children = (
				EDA659881A8F253500D47A0B /* sample.app */,
				EDA659A11A8F253500D47A0B /* sampleTests.xctest */,
			);
			name = Products;
			sourceTree = "<group>";
		};
		EDA6598A1A8F253500D47A0B /* sample */ = {
			isa = PBXGroup;
			children = (
				EDA6598F1A8F253500D47A0B /* AppDelegate.h */,
				EDA659901A8F253500D47A0B /* AppDelegate.m */,
				EDA659921A8F253500D47A0B /* ViewController.h */,
				EDA659931A8F253500D47A0B /* ViewController.m */,
				EDA659951A8F253500D47A0B /* Main.storyboard */,
				EDA659981A8F253500D47A0B /* Images.xcassets */,
				EDA6599A1A8F253500D47A0B /* LaunchScreen.xib */,
				EDA6598B1A8F253500D47A0B /* Supporting Files */,
			);
			path = sample;
			sourceTree = "<group>";
		};
		EDA6598B1A8F253500D47A0B /* Supporting Files */ = {
			isa = PBXGroup;
			children = (
				EDA659B31A8F257F00D47A0B /* study.html */,
				EDA659B11A8F257900D47A0B /* 422128.png */,
				EDA6598C1A8F253500D47A0B /* Info.plist */,
				EDA6598D1A8F253500D47A0B /* main.m */,
			);
			name = "Supporting Files";
			sourceTree = "<group>";
		};
		EDA659A41A8F253500D47A0B /* sampleTests */ = {
			isa = PBXGroup;
			children = (
				EDA659A71A8F253500D47A0B /* sampleTests.m */,
				EDA659A51A8F253500D47A0B /* Supporting Files */,
			);
			path = sampleTests;
			sourceTree = "<group>";
		};
		EDA659A51A8F253500D47A0B /* Supporting Files */ = {
			isa = PBXGroup;
			children = (
				EDA659A61A8F253500D47A0B /* Info.plist */,
			);
			name = "Supporting Files";
			sourceTree = "<group>";
		};
/* End PBXGroup section */

/* Begin PBXNativeTarget section */
		EDA659871A8F253500D47A0B /* sample */ = {
			isa = PBXNativeTarget;
			buildConfigurationList = EDA659AB1A8F253500D47A0B /* Build configuration list for PBXNativeTarget "sample" */;
			buildPhases = (
				EDA659841A8F253500D47A0B /* Sources */,
				EDA659851A8F253500D47A0B /* Frameworks */,
				EDA659861A8F253500D47A0B /* Resources */,
			);
			buildRules = (
			);
			dependencies = (
			);
			name = sample;
			productName = sample;
			productReference = EDA659881A8F253500D47A0B /* sample.app */;
			productType = "com.apple.product-type.application";
		};
		EDA659A01A8F253500D47A0B /* sampleTests */ = {
			isa = PBXNativeTarget;
			buildConfigurationList = EDA659AE1A8F253500D47A0B /* Build configuration list for PBXNativeTarget "sampleTests" */;
			buildPhases = (
				EDA6599D1A8F253500D47A0B /* Sources */,
				EDA6599E1A8F253500D47A0B /* Frameworks */,
				EDA6599F1A8F253500D47A0B /* Resources */,
			);
			buildRules = (
			);
			dependencies = (
				EDA659A31A8F253500D47A0B /* PBXTargetDependency */,
			);
			name = sampleTests;
			productName = sampleTests;
			productReference = EDA659A11A8F253500D47A0B /* sampleTests.xctest */;
			productType = "com.apple.product-type.bundle.unit-test";
		};
/* End PBXNativeTarget section */

/* Begin PBXProject section */
		EDA659801A8F253500D47A0B /* Project object */ = {
			isa = PBXProject;
			attributes = {
				LastUpgradeCheck = 0610;
				ORGANIZATIONNAME = kouliang;
				TargetAttributes = {
					EDA659871A8F253500D47A0B = {
						CreatedOnToolsVersion = 6.1.1;
					};
					EDA659A01A8F253500D47A0B = {
						CreatedOnToolsVersion = 6.1.1;
						TestTargetID = EDA659871A8F253500D47A0B;
					};
				};
			};
			buildConfigurationList = EDA659831A8F253500D47A0B /* Build configuration list for PBXProject "sample" */;
			compatibilityVersion = "Xcode 3.2";
			developmentRegion = English;
			hasScannedForEncodings = 0;
			knownRegions = (
				en,
				Base,
			);
			mainGroup = EDA6597F1A8F253500D47A0B;
			productRefGroup = EDA659891A8F253500D47A0B /* Products */;
			projectDirPath = "";
			projectRoot = "";
			targets = (
				EDA659871A8F253500D47A0B /* sample */,
				EDA659A01A8F253500D47A0B /* sampleTests */,
			);
		};
/* End PBXProject section */

/* Begin PBXResourcesBuildPhase section */
		EDA659861A8F253500D47A0B /* Resources */ = {
			isa = PBXResourcesBuildPhase;
			buildActionMask = 2147483647;
			files = (
				EDA659B21A8F257900D47A0B /* 422128.png in Resources */,
				EDA659971A8F253500D47A0B /* Main.storyboard in Resources */,
				EDA6599C1A8F253500D47A0B /* LaunchScreen.xib in Resources */,
				EDA659B41A8F257F00D47A0B /* study.html in Resources */,
				EDA659991A8F253500D47A0B /* Images.xcassets in Resources */,
			);
			runOnlyForDeploymentPostprocessing = 0;
		};
		EDA6599F1A8F253500D47A0B /* Resources */ = {
			isa = PBXResourcesBuildPhase;
			buildActionMask = 2147483647;
			files = (
			);
			runOnlyForDeploymentPostprocessing = 0;
		};
/* End PBXResourcesBuildPhase section */

/* Begin PBXSourcesBuildPhase section */
		EDA659841A8F253500D47A0B /* Sources */ = {
			isa = PBXSourcesBuildPhase;
			buildActionMask = 2147483647;
			files = (
				EDA659941A8F253500D47A0B /* ViewController.m in Sources */,
				EDA659911A8F253500D47A0B /* AppDelegate.m in Sources */,
				EDA6598E1A8F253500D47A0B /* main.m in Sources */,
			);
			runOnlyForDeploymentPostprocessing = 0;
		};
		EDA6599D1A8F253500D47A0B /* Sources */ = {
			isa = PBXSourcesBuildPhase;
			buildActionMask = 2147483647;
			files = (
				EDA659A81A8F253500D47A0B /* sampleTests.m in Sources */,
			);
			runOnlyForDeploymentPostprocessing = 0;
		};
/* End PBXSourcesBuildPhase section */

/* Begin PBXTargetDependency section */
		EDA659A31A8F253500D47A0B /* PBXTargetDependency */ = {
			isa = PBXTargetDependency;
			target = EDA659871A8F253500D47A0B /* sample */;
			targetProxy = EDA659A21A8F253500D47A0B /* PBXContainerItemProxy */;
		};
/* End PBXTargetDependency section */

/* Begin PBXVariantGroup section */
		EDA659951A8F253500D47A0B /* Main.storyboard */ = {
			isa = PBXVariantGroup;
			children = (
				EDA659961A8F253500D47A0B /* Base */,
			);
			name = Main.storyboard;
			sourceTree = "<group>";
		};
		EDA6599A1A8F253500D47A0B /* LaunchScreen.xib */ = {
			isa = PBXVariantGroup;
			children = (
				EDA6599B1A8F253500D47A0B /* Base */,
			);
			name = LaunchScreen.xib;
			sourceTree = "<group>";
		};
/* End PBXVariantGroup section */

/* Begin XCBuildConfiguration section */
		EDA659A91A8F253500D47A0B /* Debug */ = {
			isa = XCBuildConfiguration;
			buildSettings = {
				ALWAYS_SEARCH_USER_PATHS = NO;
				CLANG_CXX_LANGUAGE_STANDARD = "gnu++0x";
				CLANG_CXX_LIBRARY = "libc++";
				CLANG_ENABLE_MODULES = YES;
				CLANG_ENABLE_OBJC_ARC = YES;
				CLANG_WARN_BOOL_CONVERSION = YES;
				CLANG_WARN_CONSTANT_CONVERSION = YES;
				CLANG_WARN_DIRECT_OBJC_ISA_USAGE = YES_ERROR;
				CLANG_WARN_EMPTY_BODY = YES;
				CLANG_WARN_ENUM_CONVERSION = YES;
				CLANG_WARN_INT_CONVERSION = YES;
				CLANG_WARN_OBJC_ROOT_CLASS = YES_ERROR;
				CLANG_WARN_UNREACHABLE_CODE = YES;
				CLANG_WARN__DUPLICATE_METHOD_MATCH = YES;
				"CODE_SIGN_IDENTITY[sdk=iphoneos*]" = "iPhone Developer";
				COPY_PHASE_STRIP = NO;
				ENABLE_STRICT_OBJC_MSGSEND = YES;
				GCC_C_LANGUAGE_STANDARD = gnu99;
				GCC_DYNAMIC_NO_PIC = NO;
				GCC_OPTIMIZATION_LEVEL = 0;
				GCC_PREPROCESSOR_DEFINITIONS = (
					"DEBUG=1",
					"$(inherited)",
				);
				GCC_SYMBOLS_PRIVATE_EXTERN = NO;
				GCC_WARN_64_TO_32_BIT_CONVERSION = YES;
				GCC_WARN_ABOUT_RETURN_TYPE = YES_ERROR;
				GCC_WARN_UNDECLARED_SELECTOR = YES;
				GCC_WARN_UNINITIALIZED_AUTOS = YES_AGGRESSIVE;
				GCC_WARN_UNUSED_FUNCTION = YES;
				GCC_WARN_UNUSED_VARIABLE = YES;
				IPHONEOS_DEPLOYMENT_TARGET = 8.1;
				MTL_ENABLE_DEBUG_INFO = YES;
				ONLY_ACTIVE_ARCH = YES;
				SDKROOT = iphoneos;
			};
			name = Debug;
		};
		EDA659AA1A8F253500D47A0B /* Release */ = {
			isa = XCBuildConfiguration;
			buildSettings = {
				ALWAYS_SEARCH_USER_PATHS = NO;
				CLANG_CXX_LANGUAGE_STANDARD = "gnu++0x";
				CLANG_CXX_LIBRARY = "libc++";
				CLANG_ENABLE_MODULES = YES;
				CLANG_ENABLE_OBJC_ARC = YES;
				CLANG_WARN_BOOL_CONVERSION = YES;
				CLANG_WARN_CONSTANT_CONVERSION = YES;
				CLANG_WARN_DIRECT_OBJC_ISA_USAGE = YES_ERROR;
				CLANG_WARN_EMPTY_BODY = YES;
				CLANG_WARN_ENUM_CONVERSION = YES;
				CLANG_WARN_INT_CONVERSION = YES;
				CLANG_WARN_OBJC_ROOT_CLASS = YES_ERROR;
				CLANG_WARN_UNREACHABLE_CODE = YES;
				CLANG_WARN__DUPLICATE_METHOD_MATCH = YES;
				"CODE_SIGN_IDENTITY[sdk=iphoneos*]" = "iPhone Developer";
				COPY_PHASE_STRIP = YES;
				ENABLE_NS_ASSERTIONS = NO;
				ENABLE_STRICT_OBJC_MSGSEND = YES;
				GCC_C_LANGUAGE_STANDARD = gnu99;
				GCC_WARN_64_TO_32_BIT_CONVERSION = YES;
				GCC_WARN_ABOUT_RETURN_TYPE = YES_ERROR;
				GCC_WARN_UNDECLARED_SELECTOR = YES;
				GCC_WARN_UNINITIALIZED_AUTOS = YES_AGGRESSIVE;
				GCC_WARN_UNUSED_FUNCTION = YES;
				GCC_WARN_UNUSED_VARIABLE = YES;
				IPHONEOS_DEPLOYMENT_TARGET = 8.1;
				MTL_ENABLE_DEBUG_INFO = NO;
				SDKROOT = iphoneos;
				VALIDATE_PRODUCT = YES;
			};
			name = Release;
		};
		EDA659AC1A8F253500D47A0B /* Debug */ = {
			isa = XCBuildConfiguration;
			buildSettings = {
				ASSETCATALOG_COMPILER_APPICON_NAME = AppIcon;
				INFOPLIST_FILE = sample/Info.plist;
				LD_RUNPATH_SEARCH_PATHS = "$(inherited) @executable_path/Frameworks";
				PRODUCT_NAME = "$(TARGET_NAME)";
			};
			name = Debug;
		};
		EDA659AD1A8F253500D47A0B /* Release */ = {
			isa = XCBuildConfiguration;
			buildSettings = {
				ASSETCATALOG_COMPILER_APPICON_NAME = AppIcon;
				INFOPLIST_FILE = sample/Info.plist;
				LD_RUNPATH_SEARCH_PATHS = "$(inherited) @executable_path/Frameworks";
				PRODUCT_NAME = "$(TARGET_NAME)";
			};
			name = Release;
		};
		EDA659AF1A8F253500D47A0B /* Debug */ = {
			isa = XCBuildConfiguration;
			buildSettings = {
				BUNDLE_LOADER = "$(TEST_HOST)";
				FRAMEWORK_SEARCH_PATHS = (
					"$(SDKROOT)/Developer/Library/Frameworks",
					"$(inherited)",
				);
				GCC_PREPROCESSOR_DEFINITIONS = (
					"DEBUG=1",
					"$(inherited)",
				);
				INFOPLIST_FILE = sampleTests/Info.plist;
				LD_RUNPATH_SEARCH_PATHS = "$(inherited) @executable_path/Frameworks @loader_path/Frameworks";
				PRODUCT_NAME = "$(TARGET_NAME)";
				TEST_HOST = "$(BUILT_PRODUCTS_DIR)/sample.app/sample";
			};
			name = Debug;
		};
		EDA659B01A8F253500D47A0B /* Release */ = {
			isa = XCBuildConfiguration;
			buildSettings = {
				BUNDLE_LOADER = "$(TEST_HOST)";
				FRAMEWORK_SEARCH_PATHS = (
					"$(SDKROOT)/Developer/Library/Frameworks",
					"$(inherited)",
				);
				INFOPLIST_FILE = sampleTests/Info.plist;
				LD_RUNPATH_SEARCH_PATHS = "$(inherited) @executable_path/Frameworks @loader_path/Frameworks";
				PRODUCT_NAME = "$(TARGET_NAME)";
				TEST_HOST = "$(BUILT_PRODUCTS_DIR)/sample.app/sample";
			};
			name = Release;
		};
/* End XCBuildConfiguration section */

/* Begin XCConfigurationList section */
		EDA659831A8F253500D47A0B /* Build configuration list for PBXProject "sample" */ = {
			isa = XCConfigurationList;
			buildConfigurations = (
				EDA659A91A8F253500D47A0B /* Debug */,
				EDA659AA1A8F253500D47A0B /* Release */,
			);
			defaultConfigurationIsVisible = 0;
			defaultConfigurationName = Release;
		};
		EDA659AB1A8F253500D47A0B /* Build configuration list for PBXNativeTarget "sample" */ = {
			isa = XCConfigurationList;
			buildConfigurations = (
				EDA659AC1A8F253500D47A0B /* Debug */,
				EDA659AD1A8F253500D47A0B /* Release */,
			);
			defaultConfigurationIsVisible = 0;
		};
		EDA659AE1A8F253500D47A0B /* Build configuration list for PBXNativeTarget "sampleTests" */ = {
			isa = XCConfigurationList;
			buildConfigurations = (
				EDA659AF1A8F253500D47A0B /* Debug */,
				EDA659B01A8F253500D47A0B /* Release */,
			);
			defaultConfigurationIsVisible = 0;
		};
/* End XCConfigurationList section */
	};
	rootObject = EDA659801A8F253500D47A0B /* Project object */;
}
